
Microsoft Visual Studio Solution File, Format Version 12.00
# Visual Studio Version 16
VisualStudioVersion = 16.0.31911.196
MinimumVisualStudioVersion = 10.0.40219.1
Project("{9A19103F-16F7-4668-BE54-9A1E7A4F7556}") = "FilmTur", "FilmTur.csproj", "{A85056D8-193B-471F-B72A-562AFBDB7340}"
EndProject
Global
	GlobalSection(SolutionConfigurationPlatforms) = preSolution
		Debug|Any CPU = Debug|Any CPU
		Release|Any CPU = Release|Any CPU
	EndGlobalSection
	GlobalSection(ProjectConfigurationPlatforms) = postSolution
		{A85056D8-193B-471F-B72A-562AFBDB7340}.Debug|Any CPU.ActiveCfg = Debug|Any CPU
		{A85056D8-193B-471F-B72A-562AFBDB7340}.Debug|Any CPU.Build.0 = Debug|Any CPU
		{A85056D8-193B-471F-B72A-562AFBDB7340}.Release|Any CPU.ActiveCfg = Release|Any CPU
		{A85056D8-193B-471F-B72A-562AFBDB7340}.Release|Any CPU.Build.0 = Release|Any CPU
	EndGlobalSection
	GlobalSection(SolutionProperties) = preSolution
		HideSolutionNode = FALSE
	EndGlobalSection
	GlobalSection(ExtensibilityGlobals) = postSolution
		SolutionGuid = {89CAB782-F3E0-4B25-88E0-3EAFE7AA13ED}
	EndGlobalSection
EndGlobal
